// !$*UTF8*$!
{
	archiveVersion = 1;
	classes = {
	};
	objectVersion = 46;
	objects = {

/* Begin PBXBuildFile section */
		F6164EDD1F94E13E0064A82E /* player.cpp in Sources */ = {isa = PBXBuildFile; fileRef = F6164ED61F94E13D0064A82E /* player.cpp */; };
		F6164EDE1F94E13E0064A82E /* main.cpp in Sources */ = {isa = PBXBuildFile; fileRef = F6164ED71F94E13D0064A82E /* main.cpp */; };
		F6164EDF1F94E13E0064A82E /* cards.cpp in Sources */ = {isa = PBXBuildFile; fileRef = F6164EDA1F94E13D0064A82E /* cards.cpp */; };
		F6164EE01F94E13E0064A82E /* randi.cpp in Sources */ = {isa = PBXBuildFile; fileRef = F6164EDB1F94E13D0064A82E /* randi.cpp */; };
/* End PBXBuildFile section */

/* Begin PBXCopyFilesBuildPhase section */
		F614496C1F19FCAF003D53CF /* CopyFiles */ = {
			isa = PBXCopyFilesBuildPhase;
			buildActionMask = 2147483647;
			dstPath = /usr/share/man/man1/;
			dstSubfolderSpec = 0;
			files = (
			);
			runOnlyForDeploymentPostprocessing = 1;
		};
/* End PBXCopyFilesBuildPhase section */

/* Begin PBXFileReference section */
		F614496E1F19FCAF003D53CF /* pick-ghost */ = {isa = PBXFileReference; explicitFileType = "compiled.mach-o.executable"; includeInIndex = 0; path = "pick-ghost"; sourceTree = BUILT_PRODUCTS_DIR; };
		F6164ED61F94E13D0064A82E /* player.cpp */ = {isa = PBXFileReference; fileEncoding = 4; lastKnownFileType = sourcecode.cpp.cpp; path = player.cpp; sourceTree = "<group>"; };
		F6164ED71F94E13D0064A82E /* main.cpp */ = {isa = PBXFileReference; fileEncoding = 4; lastKnownFileType = sourcecode.cpp.cpp; path = main.cpp; sourceTree = "<group>"; };
		F6164ED81F94E13D0064A82E /* player.hpp */ = {isa = PBXFileReference; fileEncoding = 4; lastKnownFileType = sourcecode.cpp.h; path = player.hpp; sourceTree = "<group>"; };
		F6164ED91F94E13D0064A82E /* cards.hpp */ = {isa = PBXFileReference; fileEncoding = 4; lastKnownFileType = sourcecode.cpp.h; path = cards.hpp; sourceTree = "<group>"; };
		F6164EDA1F94E13D0064A82E /* cards.cpp */ = {isa = PBXFileReference; fileEncoding = 4; lastKnownFileType = sourcecode.cpp.cpp; path = cards.cpp; sourceTree = "<group>"; };
		F6164EDB1F94E13D0064A82E /* randi.cpp */ = {isa = PBXFileReference; fileEncoding = 4; lastKnownFileType = sourcecode.cpp.cpp; path = randi.cpp; sourceTree = "<group>"; };
		F6164EDC1F94E13E0064A82E /* randi.hpp */ = {isa = PBXFileReference; fileEncoding = 4; lastKnownFileType = sourcecode.cpp.h; path = randi.hpp; sourceTree = "<group>"; };
/* End PBXFileReference section */

/* Begin PBXFrameworksBuildPhase section */
		F614496B1F19FCAF003D53CF /* Frameworks */ = {
			isa = PBXFrameworksBuildPhase;
			buildActionMask = 2147483647;
			files = (
			);
			runOnlyForDeploymentPostprocessing = 0;
		};
/* End PBXFrameworksBuildPhase section */

/* Begin PBXGroup section */
		F61449651F19FCAF003D53CF = {
			isa = PBXGroup;
			children = (
				F6164ED51F94E10D0064A82E /* soruce */,
				F614496F1F19FCAF003D53CF /* Products */,
			);
			sourceTree = "<group>";
		};
		F614496F1F19FCAF003D53CF /* Products */ = {
			isa = PBXGroup;
			children = (
				F614496E1F19FCAF003D53CF /* pick-ghost */,
			);
			name = Products;
			sourceTree = "<group>";
		};
		F6164ED51F94E10D0064A82E /* soruce */ = {
			isa = PBXGroup;
			children = (
				F6164EDA1F94E13D0064A82E /* cards.cpp */,
				F6164ED91F94E13D0064A82E /* cards.hpp */,
				F6164ED71F94E13D0064A82E /* main.cpp */,
				F6164ED61F94E13D0064A82E /* player.cpp */,
				F6164ED81F94E13D0064A82E /* player.hpp */,
				F6164EDB1F94E13D0064A82E /* randi.cpp */,
				F6164EDC1F94E13E0064A82E /* randi.hpp */,
			);
			path = soruce;
			sourceTree = "<group>";
		};
/* End PBXGroup section */

/* Begin PBXNativeTarget section */
		F614496D1F19FCAF003D53CF /* pick-ghost */ = {
			isa = PBXNativeTarget;
			buildConfigurationList = F61449751F19FCAF003D53CF /* Build configuration list for PBXNativeTarget "pick-ghost" */;
			buildPhases = (
				F614496A1F19FCAF003D53CF /* Sources */,
				F614496B1F19FCAF003D53CF /* Frameworks */,
				F614496C1F19FCAF003D53CF /* CopyFiles */,
			);
			buildRules = (
			);
			dependencies = (
			);
			name = "pick-ghost";
			productName = "抽鬼牌";
			productReference = F614496E1F19FCAF003D53CF /* pick-ghost */;
			productType = "com.apple.product-type.tool";
		};
/* End PBXNativeTarget section */

/* Begin PBXProject section */
		F61449661F19FCAF003D53CF /* Project object */ = {
			isa = PBXProject;
			attributes = {
				LastUpgradeCheck = 0900;
				ORGANIZATIONNAME = "Ju Yuanmao";
				TargetAttributes = {
					F614496D1F19FCAF003D53CF = {
						CreatedOnToolsVersion = 8.3.3;
						ProvisioningStyle = Automatic;
					};
				};
			};
			buildConfigurationList = F61449691F19FCAF003D53CF /* Build configuration list for PBXProject "pick-ghost" */;
			compatibilityVersion = "Xcode 3.2";
			developmentRegion = English;
			hasScannedForEncodings = 0;
			knownRegions = (
				en,
			);
			mainGroup = F61449651F19FCAF003D53CF;
			productRefGroup = F614496F1F19FCAF003D53CF /* Products */;
			projectDirPath = "";
			projectRoot = "";
			targets = (
				F614496D1F19FCAF003D53CF /* pick-ghost */,
			);
		};
/* End PBXProject section */

/* Begin PBXSourcesBuildPhase section */
		F614496A1F19FCAF003D53CF /* Sources */ = {
			isa = PBXSourcesBuildPhase;
			buildActionMask = 2147483647;
			files = (
				F6164EE01F94E13E0064A82E /* randi.cpp in Sources */,
				F6164EDF1F94E13E0064A82E /* cards.cpp in Sources */,
				F6164EDD1F94E13E0064A82E /* player.cpp in Sources */,
				F6164EDE1F94E13E0064A82E /* main.cpp in Sources */,
			);
			runOnlyForDeploymentPostprocessing = 0;
		};
/* End PBXSourcesBuildPhase section */

/* Begin XCBuildConfiguration section */
		F61449731F19FCAF003D53CF /* Debug */ = {
			isa = XCBuildConfiguration;
			buildSettings = {
				ALWAYS_SEARCH_USER_PATHS = NO;
				CLANG_ANALYZER_NONNULL = YES;
				CLANG_ANALYZER_NUMBER_OBJECT_CONVERSION = YES_AGGRESSIVE;
				CLANG_CXX_LANGUAGE_STANDARD = "gnu++0x";
				CLANG_CXX_LIBRARY = "libc++";
				CLANG_ENABLE_MODULES = YES;
				CLANG_ENABLE_OBJC_ARC = YES;
				CLANG_WARN_BLOCK_CAPTURE_AUTORELEASING = YES;
				CLANG_WARN_BOOL_CONVERSION = YES;
				CLANG_WARN_COMMA = YES;
				CLANG_WARN_CONSTANT_CONVERSION = YES;
				CLANG_WARN_DIRECT_OBJC_ISA_USAGE = YES_ERROR;
				CLANG_WARN_DOCUMENTATION_COMMENTS = YES;
				CLANG_WARN_EMPTY_BODY = YES;
				CLANG_WARN_ENUM_CONVERSION = YES;
				CLANG_WARN_INFINITE_RECURSION = YES;
				CLANG_WARN_INT_CONVERSION = YES;
				CLANG_WARN_NON_LITERAL_NULL_CONVERSION = YES;
				CLANG_WARN_OBJC_LITERAL_CONVERSION = YES;
				CLANG_WARN_OBJC_ROOT_CLASS = YES_ERROR;
				CLANG_WARN_RANGE_LOOP_ANALYSIS = YES;
				CLANG_WARN_STRICT_PROTOTYPES = YES;
				CLANG_WARN_SUSPICIOUS_MOVE = YES;
				CLANG_WARN_UNREACHABLE_CODE = YES;
				CLANG_WARN__DUPLICATE_METHOD_MATCH = YES;
				CODE_SIGN_IDENTITY = "-";
				COPY_PHASE_STRIP = NO;
				DEBUG_INFORMATION_FORMAT = dwarf;
				ENABLE_STRICT_OBJC_MSGSEND = YES;
				ENABLE_TESTABILITY = YES;
				GCC_C_LANGUAGE_STANDARD = gnu99;
				GCC_DYNAMIC_NO_PIC = NO;
				GCC_NO_COMMON_BLOCKS = YES;
				GCC_OPTIMIZATION_LEVEL = 0;
				GCC_PREPROCESSOR_DEFINITIONS = (
					"DEBUG=1",
					"$(inherited)",
				);
				GCC_WARN_64_TO_32_BIT_CONVERSION = YES;
				GCC_WARN_ABOUT_RETURN_TYPE = YES_ERROR;
				GCC_WARN_UNDECLARED_SELECTOR = YES;
				GCC_WARN_UNINITIALIZED_AUTOS = YES_AGGRESSIVE;
				GCC_WARN_UNUSED_FUNCTION = YES;
				GCC_WARN_UNUSED_VARIABLE = YES;
				MACOSX_DEPLOYMENT_TARGET = 10.12;
				MTL_ENABLE_DEBUG_INFO = YES;
				ONLY_ACTIVE_ARCH = YES;
				SDKROOT = macosx;
			};
			name = Debug;
		};
		F61449741F19FCAF003D53CF /* Release */ = {
			isa = XCBuildConfiguration;
			buildSettings = {
				ALWAYS_SEARCH_USER_PATHS = NO;
				CLANG_ANALYZER_NONNULL = YES;
				CLANG_ANALYZER_NUMBER_OBJECT_CONVERSION = YES_AGGRESSIVE;
				CLANG_CXX_LANGUAGE_STANDARD = "gnu++0x";
				CLANG_CXX_LIBRARY = "libc++";
				CLANG_ENABLE_MODULES = YES;
				CLANG_ENABLE_OBJC_ARC = YES;
				CLANG_WARN_BLOCK_CAPTURE_AUTORELEASING = YES;
				CLANG_WARN_BOOL_CONVERSION = YES;
				CLANG_WARN_COMMA = YES;
				CLANG_WARN_CONSTANT_CONVERSION = YES;
				CLANG_WARN_DIRECT_OBJC_ISA_USAGE = YES_ERROR;
				CLANG_WARN_DOCUMENTATION_COMMENTS = YES;
				CLANG_WARN_EMPTY_BODY = YES;
				CLANG_WARN_ENUM_CONVERSION = YES;
				CLANG_WARN_INFINITE_RECURSION = YES;
				CLANG_WARN_INT_CONVERSION = YES;
				CLANG_WARN_NON_LITERAL_NULL_CONVERSION = YES;
				CLANG_WARN_OBJC_LITERAL_CONVERSION = YES;
				CLANG_WARN_OBJC_ROOT_CLASS = YES_ERROR;
				CLANG_WARN_RANGE_LOOP_ANALYSIS = YES;
				CLANG_WARN_STRICT_PROTOTYPES = YES;
				CLANG_WARN_SUSPICIOUS_MOVE = YES;
				CLANG_WARN_UNREACHABLE_CODE = YES;
				CLANG_WARN__DUPLICATE_METHOD_MATCH = YES;
				CODE_SIGN_IDENTITY = "-";
				COPY_PHASE_STRIP = NO;
				DEBUG_INFORMATION_FORMAT = "dwarf-with-dsym";
				ENABLE_NS_ASSERTIONS = NO;
				ENABLE_STRICT_OBJC_MSGSEND = YES;
				GCC_C_LANGUAGE_STANDARD = gnu99;
				GCC_NO_COMMON_BLOCKS = YES;
				GCC_WARN_64_TO_32_BIT_CONVERSION = YES;
				GCC_WARN_ABOUT_RETURN_TYPE = YES_ERROR;
				GCC_WARN_UNDECLARED_SELECTOR = YES;
				GCC_WARN_UNINITIALIZED_AUTOS = YES_AGGRESSIVE;
				GCC_WARN_UNUSED_FUNCTION = YES;
				GCC_WARN_UNUSED_VARIABLE = YES;
				MACOSX_DEPLOYMENT_TARGET = 10.12;
				MTL_ENABLE_DEBUG_INFO = NO;
				SDKROOT = macosx;
			};
			name = Release;
		};
		F61449761F19FCAF003D53CF /* Debug */ = {
			isa = XCBuildConfiguration;
			buildSettings = {
				CLANG_CXX_LANGUAGE_STANDARD = "c++0x";
				CLANG_CXX_LIBRARY = "compiler-default";
				PRODUCT_NAME = "$(TARGET_NAME)";
			};
			name = Debug;
		};
		F61449771F19FCAF003D53CF /* Release */ = {
			isa = XCBuildConfiguration;
			buildSettings = {
				CLANG_CXX_LANGUAGE_STANDARD = "c++0x";
				CLANG_CXX_LIBRARY = "compiler-default";
				PRODUCT_NAME = "$(TARGET_NAME)";
			};
			name = Release;
		};
/* End XCBuildConfiguration section */

/* Begin XCConfigurationList section */
		F61449691F19FCAF003D53CF /* Build configuration list for PBXProject "pick-ghost" */ = {
			isa = XCConfigurationList;
			buildConfigurations = (
				F61449731F19FCAF003D53CF /* Debug */,
				F61449741F19FCAF003D53CF /* Release */,
			);
			defaultConfigurationIsVisible = 0;
			defaultConfigurationName = Release;
		};
		F61449751F19FCAF003D53CF /* Build configuration list for PBXNativeTarget "pick-ghost" */ = {
			isa = XCConfigurationList;
			buildConfigurations = (
				F61449761F19FCAF003D53CF /* Debug */,
				F61449771F19FCAF003D53CF /* Release */,
			);
			defaultConfigurationIsVisible = 0;
			defaultConfigurationName = Release;
		};
/* End XCConfigurationList section */
	};
	rootObject = F61449661F19FCAF003D53CF /* Project object */;
}
